// !$*UTF8*$!
{
	archiveVersion = 1;
	classes = {
	};
	objectVersion = 55;
	objects = {

/* Begin PBXBuildFile section */
		9508A2342834E3F60036670D /* CircularProgressBarView.swift in Sources */ = {isa = PBXBuildFile; fileRef = 9508A2332834E3F60036670D /* CircularProgressBarView.swift */; };
		9508A2362834EB090036670D /* CardView.swift in Sources */ = {isa = PBXBuildFile; fileRef = 9508A2352834EB090036670D /* CardView.swift */; };
		956FD6AB28363D1D00E204F0 /* ProgressController.swift in Sources */ = {isa = PBXBuildFile; fileRef = 956FD6AA28363D1D00E204F0 /* ProgressController.swift */; };
		95738262283B7FDC0094BA52 /* QuizViewController.swift in Sources */ = {isa = PBXBuildFile; fileRef = 95738261283B7FDC0094BA52 /* QuizViewController.swift */; };
		95738264283B80FE0094BA52 /* AnswerCell.swift in Sources */ = {isa = PBXBuildFile; fileRef = 95738263283B80FE0094BA52 /* AnswerCell.swift */; };
		95738266283B90030094BA52 /* Question.swift in Sources */ = {isa = PBXBuildFile; fileRef = 95738265283B90030094BA52 /* Question.swift */; };
		95738268283B99CB0094BA52 /* FinishViewController.swift in Sources */ = {isa = PBXBuildFile; fileRef = 95738267283B99CB0094BA52 /* FinishViewController.swift */; };
		958393652847578200A56100 /* DemoVideo.MOV in Resources */ = {isa = PBXBuildFile; fileRef = 958393642847578200A56100 /* DemoVideo.MOV */; };
		958393682847591600A56100 /* ARViewController+ARSessionDelegate.swift in Sources */ = {isa = PBXBuildFile; fileRef = 958393672847591600A56100 /* ARViewController+ARSessionDelegate.swift */; };
		9583936A284759DE00A56100 /* ARObjectCreator.swift in Sources */ = {isa = PBXBuildFile; fileRef = 95839369284759DE00A56100 /* ARObjectCreator.swift */; };
		95C6297A283241AA00944D58 /* AppDelegate.swift in Sources */ = {isa = PBXBuildFile; fileRef = 95C62979283241AA00944D58 /* AppDelegate.swift */; };
		95C62981283241AA00944D58 /* Main.storyboard in Resources */ = {isa = PBXBuildFile; fileRef = 95C6297F283241AA00944D58 /* Main.storyboard */; };
		95C62983283241AC00944D58 /* Assets.xcassets in Resources */ = {isa = PBXBuildFile; fileRef = 95C62982283241AC00944D58 /* Assets.xcassets */; };
		95C62986283241AC00944D58 /* LaunchScreen.storyboard in Resources */ = {isa = PBXBuildFile; fileRef = 95C62984283241AC00944D58 /* LaunchScreen.storyboard */; };
		95C6298D2832424400944D58 /* HomeViewController.swift in Sources */ = {isa = PBXBuildFile; fileRef = 95C6298C2832424400944D58 /* HomeViewController.swift */; };
		95C6298F2832891D00944D58 /* ARViewController.swift in Sources */ = {isa = PBXBuildFile; fileRef = 95C6298E2832891D00944D58 /* ARViewController.swift */; };
		95C629972833982C00944D58 /* FocusEntity in Frameworks */ = {isa = PBXBuildFile; productRef = 95C629962833982C00944D58 /* FocusEntity */; };
/* End PBXBuildFile section */

/* Begin PBXFileReference section */
		9508A2332834E3F60036670D /* CircularProgressBarView.swift */ = {isa = PBXFileReference; lastKnownFileType = sourcecode.swift; path = CircularProgressBarView.swift; sourceTree = "<group>"; };
		9508A2352834EB090036670D /* CardView.swift */ = {isa = PBXFileReference; lastKnownFileType = sourcecode.swift; path = CardView.swift; sourceTree = "<group>"; };
		956FD6AA28363D1D00E204F0 /* ProgressController.swift */ = {isa = PBXFileReference; lastKnownFileType = sourcecode.swift; path = ProgressController.swift; sourceTree = "<group>"; };
		95738261283B7FDC0094BA52 /* QuizViewController.swift */ = {isa = PBXFileReference; lastKnownFileType = sourcecode.swift; path = QuizViewController.swift; sourceTree = "<group>"; };
		95738263283B80FE0094BA52 /* AnswerCell.swift */ = {isa = PBXFileReference; lastKnownFileType = sourcecode.swift; path = AnswerCell.swift; sourceTree = "<group>"; };
		95738265283B90030094BA52 /* Question.swift */ = {isa = PBXFileReference; lastKnownFileType = sourcecode.swift; path = Question.swift; sourceTree = "<group>"; };
		95738267283B99CB0094BA52 /* FinishViewController.swift */ = {isa = PBXFileReference; lastKnownFileType = sourcecode.swift; path = FinishViewController.swift; sourceTree = "<group>"; };
		958393642847578200A56100 /* DemoVideo.MOV */ = {isa = PBXFileReference; lastKnownFileType = video.quicktime; path = DemoVideo.MOV; sourceTree = "<group>"; };
		958393672847591600A56100 /* ARViewController+ARSessionDelegate.swift */ = {isa = PBXFileReference; lastKnownFileType = sourcecode.swift; path = "ARViewController+ARSessionDelegate.swift"; sourceTree = "<group>"; };
		95839369284759DE00A56100 /* ARObjectCreator.swift */ = {isa = PBXFileReference; lastKnownFileType = sourcecode.swift; path = ARObjectCreator.swift; sourceTree = "<group>"; };
		95C62976283241AA00944D58 /* MostraAR.app */ = {isa = PBXFileReference; explicitFileType = wrapper.application; includeInIndex = 0; path = MostraAR.app; sourceTree = BUILT_PRODUCTS_DIR; };
		95C62979283241AA00944D58 /* AppDelegate.swift */ = {isa = PBXFileReference; lastKnownFileType = sourcecode.swift; path = AppDelegate.swift; sourceTree = "<group>"; };
		95C62980283241AA00944D58 /* Base */ = {isa = PBXFileReference; lastKnownFileType = file.storyboard; name = Base; path = Base.lproj/Main.storyboard; sourceTree = "<group>"; };
		95C62982283241AC00944D58 /* Assets.xcassets */ = {isa = PBXFileReference; lastKnownFileType = folder.assetcatalog; path = Assets.xcassets; sourceTree = "<group>"; };
		95C62985283241AC00944D58 /* Base */ = {isa = PBXFileReference; lastKnownFileType = file.storyboard; name = Base; path = Base.lproj/LaunchScreen.storyboard; sourceTree = "<group>"; };
		95C6298C2832424400944D58 /* HomeViewController.swift */ = {isa = PBXFileReference; lastKnownFileType = sourcecode.swift; path = HomeViewController.swift; sourceTree = "<group>"; };
		95C6298E2832891D00944D58 /* ARViewController.swift */ = {isa = PBXFileReference; lastKnownFileType = sourcecode.swift; path = ARViewController.swift; sourceTree = "<group>"; };
/* End PBXFileReference section */

/* Begin PBXFrameworksBuildPhase section */
		95C62973283241AA00944D58 /* Frameworks */ = {
			isa = PBXFrameworksBuildPhase;
			buildActionMask = 2147483647;
			files = (
				95C629972833982C00944D58 /* FocusEntity in Frameworks */,
			);
			runOnlyForDeploymentPostprocessing = 0;
		};
/* End PBXFrameworksBuildPhase section */

/* Begin PBXGroup section */
		95738260283B7FBC0094BA52 /* Quiz */ = {
			isa = PBXGroup;
			children = (
				95738261283B7FDC0094BA52 /* QuizViewController.swift */,
				95738263283B80FE0094BA52 /* AnswerCell.swift */,
				95738265283B90030094BA52 /* Question.swift */,
				95738267283B99CB0094BA52 /* FinishViewController.swift */,
			);
			path = Quiz;
			sourceTree = "<group>";
		};
		95839366284758D800A56100 /* AR */ = {
			isa = PBXGroup;
			children = (
				95C6298E2832891D00944D58 /* ARViewController.swift */,
				958393672847591600A56100 /* ARViewController+ARSessionDelegate.swift */,
				95839369284759DE00A56100 /* ARObjectCreator.swift */,
			);
			path = AR;
			sourceTree = "<group>";
		};
		95C6296D283241AA00944D58 = {
			isa = PBXGroup;
			children = (
				95C62978283241AA00944D58 /* MostraAR */,
				95C62977283241AA00944D58 /* Products */,
			);
			sourceTree = "<group>";
		};
		95C62977283241AA00944D58 /* Products */ = {
			isa = PBXGroup;
			children = (
				95C62976283241AA00944D58 /* MostraAR.app */,
			);
			name = Products;
			sourceTree = "<group>";
		};
		95C62978283241AA00944D58 /* MostraAR */ = {
			isa = PBXGroup;
			children = (
				95839366284758D800A56100 /* AR */,
				95738260283B7FBC0094BA52 /* Quiz */,
				95C62990283289F400944D58 /* Resources */,
				95C62979283241AA00944D58 /* AppDelegate.swift */,
				95C6297F283241AA00944D58 /* Main.storyboard */,
				95C62982283241AC00944D58 /* Assets.xcassets */,
				95C62984283241AC00944D58 /* LaunchScreen.storyboard */,
				95C6298C2832424400944D58 /* HomeViewController.swift */,
				9508A2332834E3F60036670D /* CircularProgressBarView.swift */,
				9508A2352834EB090036670D /* CardView.swift */,
				956FD6AA28363D1D00E204F0 /* ProgressController.swift */,
			);
			path = MostraAR;
			sourceTree = "<group>";
		};
		95C62990283289F400944D58 /* Resources */ = {
			isa = PBXGroup;
			children = (
				958393642847578200A56100 /* DemoVideo.MOV */,
			);
			path = Resources;
			sourceTree = "<group>";
		};
/* End PBXGroup section */

/* Begin PBXNativeTarget section */
		95C62975283241AA00944D58 /* MostraAR */ = {
			isa = PBXNativeTarget;
			buildConfigurationList = 95C62989283241AC00944D58 /* Build configuration list for PBXNativeTarget "MostraAR" */;
			buildPhases = (
				95C62972283241AA00944D58 /* Sources */,
				95C62973283241AA00944D58 /* Frameworks */,
				95C62974283241AA00944D58 /* Resources */,
			);
			buildRules = (
			);
			dependencies = (
			);
			name = MostraAR;
			packageProductDependencies = (
				95C629962833982C00944D58 /* FocusEntity */,
			);
			productName = MostraAR;
			productReference = 95C62976283241AA00944D58 /* MostraAR.app */;
			productType = "com.apple.product-type.application";
		};
/* End PBXNativeTarget section */

/* Begin PBXProject section */
		95C6296E283241AA00944D58 /* Project object */ = {
			isa = PBXProject;
			attributes = {
				BuildIndependentTargetsInParallel = 1;
				LastSwiftUpdateCheck = 1330;
				LastUpgradeCheck = 1330;
				TargetAttributes = {
					95C62975283241AA00944D58 = {
						CreatedOnToolsVersion = 13.3.1;
					};
				};
			};
			buildConfigurationList = 95C62971283241AA00944D58 /* Build configuration list for PBXProject "MostraAR" */;
			compatibilityVersion = "Xcode 13.0";
			developmentRegion = en;
			hasScannedForEncodings = 0;
			knownRegions = (
				en,
				Base,
			);
			mainGroup = 95C6296D283241AA00944D58;
			packageReferences = (
				95C629952833982C00944D58 /* XCRemoteSwiftPackageReference "FocusEntity" */,
			);
			productRefGroup = 95C62977283241AA00944D58 /* Products */;
			projectDirPath = "";
			projectRoot = "";
			targets = (
				95C62975283241AA00944D58 /* MostraAR */,
			);
		};
/* End PBXProject section */

/* Begin PBXResourcesBuildPhase section */
		95C62974283241AA00944D58 /* Resources */ = {
			isa = PBXResourcesBuildPhase;
			buildActionMask = 2147483647;
			files = (
				95C62986283241AC00944D58 /* LaunchScreen.storyboard in Resources */,
				958393652847578200A56100 /* DemoVideo.MOV in Resources */,
				95C62983283241AC00944D58 /* Assets.xcassets in Resources */,
				95C62981283241AA00944D58 /* Main.storyboard in Resources */,
			);
			runOnlyForDeploymentPostprocessing = 0;
		};
/* End PBXResourcesBuildPhase section */

/* Begin PBXSourcesBuildPhase section */
		95C62972283241AA00944D58 /* Sources */ = {
			isa = PBXSourcesBuildPhase;
			buildActionMask = 2147483647;
			files = (
				95C6297A283241AA00944D58 /* AppDelegate.swift in Sources */,
				95C6298D2832424400944D58 /* HomeViewController.swift in Sources */,
				9583936A284759DE00A56100 /* ARObjectCreator.swift in Sources */,
				95738262283B7FDC0094BA52 /* QuizViewController.swift in Sources */,
				95C6298F2832891D00944D58 /* ARViewController.swift in Sources */,
				95738266283B90030094BA52 /* Question.swift in Sources */,
				958393682847591600A56100 /* ARViewController+ARSessionDelegate.swift in Sources */,
				9508A2362834EB090036670D /* CardView.swift in Sources */,
				95738264283B80FE0094BA52 /* AnswerCell.swift in Sources */,
				9508A2342834E3F60036670D /* CircularProgressBarView.swift in Sources */,
				956FD6AB28363D1D00E204F0 /* ProgressController.swift in Sources */,
				95738268283B99CB0094BA52 /* FinishViewController.swift in Sources */,
			);
			runOnlyForDeploymentPostprocessing = 0;
		};
/* End PBXSourcesBuildPhase section */

/* Begin PBXVariantGroup section */
		95C6297F283241AA00944D58 /* Main.storyboard */ = {
			isa = PBXVariantGroup;
			children = (
				95C62980283241AA00944D58 /* Base */,
			);
			name = Main.storyboard;
			sourceTree = "<group>";
		};
		95C62984283241AC00944D58 /* LaunchScreen.storyboard */ = {
			isa = PBXVariantGroup;
			children = (
				95C62985283241AC00944D58 /* Base */,
			);
			name = LaunchScreen.storyboard;
			sourceTree = "<group>";
		};
/* End PBXVariantGroup section */

/* Begin XCBuildConfiguration section */
		95C62987283241AC00944D58 /* Debug */ = {
			isa = XCBuildConfiguration;
			buildSettings = {
				ALWAYS_SEARCH_USER_PATHS = NO;
				CLANG_ANALYZER_NONNULL = YES;
				CLANG_ANALYZER_NUMBER_OBJECT_CONVERSION = YES_AGGRESSIVE;
				CLANG_CXX_LANGUAGE_STANDARD = "gnu++17";
				CLANG_ENABLE_MODULES = YES;
				CLANG_ENABLE_OBJC_ARC = YES;
				CLANG_ENABLE_OBJC_WEAK = YES;
				CLANG_WARN_BLOCK_CAPTURE_AUTORELEASING = YES;
				CLANG_WARN_BOOL_CONVERSION = YES;
				CLANG_WARN_COMMA = YES;
				CLANG_WARN_CONSTANT_CONVERSION = YES;
				CLANG_WARN_DEPRECATED_OBJC_IMPLEMENTATIONS = YES;
				CLANG_WARN_DIRECT_OBJC_ISA_USAGE = YES_ERROR;
				CLANG_WARN_DOCUMENTATION_COMMENTS = YES;
				CLANG_WARN_EMPTY_BODY = YES;
				CLANG_WARN_ENUM_CONVERSION = YES;
				CLANG_WARN_INFINITE_RECURSION = YES;
				CLANG_WARN_INT_CONVERSION = YES;
				CLANG_WARN_NON_LITERAL_NULL_CONVERSION = YES;
				CLANG_WARN_OBJC_IMPLICIT_RETAIN_SELF = YES;
				CLANG_WARN_OBJC_LITERAL_CONVERSION = YES;
				CLANG_WARN_OBJC_ROOT_CLASS = YES_ERROR;
				CLANG_WARN_QUOTED_INCLUDE_IN_FRAMEWORK_HEADER = YES;
				CLANG_WARN_RANGE_LOOP_ANALYSIS = YES;
				CLANG_WARN_STRICT_PROTOTYPES = YES;
				CLANG_WARN_SUSPICIOUS_MOVE = YES;
				CLANG_WARN_UNGUARDED_AVAILABILITY = YES_AGGRESSIVE;
				CLANG_WARN_UNREACHABLE_CODE = YES;
				CLANG_WARN__DUPLICATE_METHOD_MATCH = YES;
				COPY_PHASE_STRIP = NO;
				DEBUG_INFORMATION_FORMAT = dwarf;
				ENABLE_STRICT_OBJC_MSGSEND = YES;
				ENABLE_TESTABILITY = YES;
				GCC_C_LANGUAGE_STANDARD = gnu11;
				GCC_DYNAMIC_NO_PIC = NO;
				GCC_NO_COMMON_BLOCKS = YES;
				GCC_OPTIMIZATION_LEVEL = 0;
				GCC_PREPROCESSOR_DEFINITIONS = (
					"DEBUG=1",
					"$(inherited)",
				);
				GCC_WARN_64_TO_32_BIT_CONVERSION = YES;
				GCC_WARN_ABOUT_RETURN_TYPE = YES_ERROR;
				GCC_WARN_UNDECLARED_SELECTOR = YES;
				GCC_WARN_UNINITIALIZED_AUTOS = YES_AGGRESSIVE;
				GCC_WARN_UNUSED_FUNCTION = YES;
				GCC_WARN_UNUSED_VARIABLE = YES;
				IPHONEOS_DEPLOYMENT_TARGET = 15.4;
				MTL_ENABLE_DEBUG_INFO = INCLUDE_SOURCE;
				MTL_FAST_MATH = YES;
				ONLY_ACTIVE_ARCH = YES;
				SDKROOT = iphoneos;
				SWIFT_ACTIVE_COMPILATION_CONDITIONS = DEBUG;
				SWIFT_OPTIMIZATION_LEVEL = "-Onone";
			};
			name = Debug;
		};
		95C62988283241AC00944D58 /* Release */ = {
			isa = XCBuildConfiguration;
			buildSettings = {
				ALWAYS_SEARCH_USER_PATHS = NO;
				CLANG_ANALYZER_NONNULL = YES;
				CLANG_ANALYZER_NUMBER_OBJECT_CONVERSION = YES_AGGRESSIVE;
				CLANG_CXX_LANGUAGE_STANDARD = "gnu++17";
				CLANG_ENABLE_MODULES = YES;
				CLANG_ENABLE_OBJC_ARC = YES;
				CLANG_ENABLE_OBJC_WEAK = YES;
				CLANG_WARN_BLOCK_CAPTURE_AUTORELEASING = YES;
				CLANG_WARN_BOOL_CONVERSION = YES;
				CLANG_WARN_COMMA = YES;
				CLANG_WARN_CONSTANT_CONVERSION = YES;
				CLANG_WARN_DEPRECATED_OBJC_IMPLEMENTATIONS = YES;
				CLANG_WARN_DIRECT_OBJC_ISA_USAGE = YES_ERROR;
				CLANG_WARN_DOCUMENTATION_COMMENTS = YES;
				CLANG_WARN_EMPTY_BODY = YES;
				CLANG_WARN_ENUM_CONVERSION = YES;
				CLANG_WARN_INFINITE_RECURSION = YES;
				CLANG_WARN_INT_CONVERSION = YES;
				CLANG_WARN_NON_LITERAL_NULL_CONVERSION = YES;
				CLANG_WARN_OBJC_IMPLICIT_RETAIN_SELF = YES;
				CLANG_WARN_OBJC_LITERAL_CONVERSION = YES;
				CLANG_WARN_OBJC_ROOT_CLASS = YES_ERROR;
				CLANG_WARN_QUOTED_INCLUDE_IN_FRAMEWORK_HEADER = YES;
				CLANG_WARN_RANGE_LOOP_ANALYSIS = YES;
				CLANG_WARN_STRICT_PROTOTYPES = YES;
				CLANG_WARN_SUSPICIOUS_MOVE = YES;
				CLANG_WARN_UNGUARDED_AVAILABILITY = YES_AGGRESSIVE;
				CLANG_WARN_UNREACHABLE_CODE = YES;
				CLANG_WARN__DUPLICATE_METHOD_MATCH = YES;
				COPY_PHASE_STRIP = NO;
				DEBUG_INFORMATION_FORMAT = "dwarf-with-dsym";
				ENABLE_NS_ASSERTIONS = NO;
				ENABLE_STRICT_OBJC_MSGSEND = YES;
				GCC_C_LANGUAGE_STANDARD = gnu11;
				GCC_NO_COMMON_BLOCKS = YES;
				GCC_WARN_64_TO_32_BIT_CONVERSION = YES;
				GCC_WARN_ABOUT_RETURN_TYPE = YES_ERROR;
				GCC_WARN_UNDECLARED_SELECTOR = YES;
				GCC_WARN_UNINITIALIZED_AUTOS = YES_AGGRESSIVE;
				GCC_WARN_UNUSED_FUNCTION = YES;
				GCC_WARN_UNUSED_VARIABLE = YES;
				IPHONEOS_DEPLOYMENT_TARGET = 15.4;
				MTL_ENABLE_DEBUG_INFO = NO;
				MTL_FAST_MATH = YES;
				SDKROOT = iphoneos;
				SWIFT_COMPILATION_MODE = wholemodule;
				SWIFT_OPTIMIZATION_LEVEL = "-O";
				VALIDATE_PRODUCT = YES;
			};
			name = Release;
		};
		95C6298A283241AC00944D58 /* Debug */ = {
			isa = XCBuildConfiguration;
			buildSettings = {
				ASSETCATALOG_COMPILER_APPICON_NAME = AppIcon;
				ASSETCATALOG_COMPILER_GLOBAL_ACCENT_COLOR_NAME = AccentColor;
				CODE_SIGN_STYLE = Automatic;
				CURRENT_PROJECT_VERSION = 1;
				DEVELOPMENT_TEAM = W5F66P2G2K;
				GENERATE_INFOPLIST_FILE = YES;
				INFOPLIST_KEY_NSCameraUsageDescription = "";
				INFOPLIST_KEY_UIApplicationSupportsIndirectInputEvents = YES;
				INFOPLIST_KEY_UILaunchStoryboardName = LaunchScreen;
				INFOPLIST_KEY_UIMainStoryboardFile = Main;
				INFOPLIST_KEY_UIRequiredDeviceCapabilities = arkit;
				INFOPLIST_KEY_UIStatusBarHidden = YES;
				INFOPLIST_KEY_UISupportedInterfaceOrientations_iPad = "UIInterfaceOrientationPortrait UIInterfaceOrientationPortraitUpsideDown UIInterfaceOrientationLandscapeLeft UIInterfaceOrientationLandscapeRight";
				INFOPLIST_KEY_UISupportedInterfaceOrientations_iPhone = "UIInterfaceOrientationPortrait UIInterfaceOrientationLandscapeLeft UIInterfaceOrientationLandscapeRight";
				IPHONEOS_DEPLOYMENT_TARGET = 14.0;
				LD_RUNPATH_SEARCH_PATHS = (
					"$(inherited)",
					"@executable_path/Frameworks",
				);
				MARKETING_VERSION = 1.0;
				PRODUCT_BUNDLE_IDENTIFIER = com.tirocinio.unisa.MostraAR;
				PRODUCT_NAME = "$(TARGET_NAME)";
				SWIFT_EMIT_LOC_STRINGS = YES;
				SWIFT_VERSION = 5.0;
				TARGETED_DEVICE_FAMILY = "1,2";
			};
			name = Debug;
		};
		95C6298B283241AC00944D58 /* Release */ = {
			isa = XCBuildConfiguration;
			buildSettings = {
				ASSETCATALOG_COMPILER_APPICON_NAME = AppIcon;
				ASSETCATALOG_COMPILER_GLOBAL_ACCENT_COLOR_NAME = AccentColor;
				CODE_SIGN_STYLE = Automatic;
				CURRENT_PROJECT_VERSION = 1;
				DEVELOPMENT_TEAM = W5F66P2G2K;
				GENERATE_INFOPLIST_FILE = YES;
				INFOPLIST_KEY_NSCameraUsageDescription = "";
				INFOPLIST_KEY_UIApplicationSupportsIndirectInputEvents = YES;
				INFOPLIST_KEY_UILaunchStoryboardName = LaunchScreen;
				INFOPLIST_KEY_UIMainStoryboardFile = Main;
				INFOPLIST_KEY_UIRequiredDeviceCapabilities = arkit;
				INFOPLIST_KEY_UIStatusBarHidden = YES;
				INFOPLIST_KEY_UISupportedInterfaceOrientations_iPad = "UIInterfaceOrientationPortrait UIInterfaceOrientationPortraitUpsideDown UIInterfaceOrientationLandscapeLeft UIInterfaceOrientationLandscapeRight";
				INFOPLIST_KEY_UISupportedInterfaceOrientations_iPhone = "UIInterfaceOrientationPortrait UIInterfaceOrientationLandscapeLeft UIInterfaceOrientationLandscapeRight";
				IPHONEOS_DEPLOYMENT_TARGET = 14.0;
				LD_RUNPATH_SEARCH_PATHS = (
					"$(inherited)",
					"@executable_path/Frameworks",
				);
				MARKETING_VERSION = 1.0;
				PRODUCT_BUNDLE_IDENTIFIER = com.tirocinio.unisa.MostraAR;
				PRODUCT_NAME = "$(TARGET_NAME)";
				SWIFT_EMIT_LOC_STRINGS = YES;
				SWIFT_VERSION = 5.0;
				TARGETED_DEVICE_FAMILY = "1,2";
			};
			name = Release;
		};
/* End XCBuildConfiguration section */

/* Begin XCConfigurationList section */
		95C62971283241AA00944D58 /* Build configuration list for PBXProject "MostraAR" */ = {
			isa = XCConfigurationList;
			buildConfigurations = (
				95C62987283241AC00944D58 /* Debug */,
				95C62988283241AC00944D58 /* Release */,
			);
			defaultConfigurationIsVisible = 0;
			defaultConfigurationName = Release;
		};
		95C62989283241AC00944D58 /* Build configuration list for PBXNativeTarget "MostraAR" */ = {
			isa = XCConfigurationList;
			buildConfigurations = (
				95C6298A283241AC00944D58 /* Debug */,
				95C6298B283241AC00944D58 /* Release */,
			);
			defaultConfigurationIsVisible = 0;
			defaultConfigurationName = Release;
		};
/* End XCConfigurationList section */

/* Begin XCRemoteSwiftPackageReference section */
		95C629952833982C00944D58 /* XCRemoteSwiftPackageReference "FocusEntity" */ = {
			isa = XCRemoteSwiftPackageReference;
			repositoryURL = "https://github.com/maxxfrazer/FocusEntity";
			requirement = {
				branch = main;
				kind = branch;
			};
		};
/* End XCRemoteSwiftPackageReference section */

/* Begin XCSwiftPackageProductDependency section */
		95C629962833982C00944D58 /* FocusEntity */ = {
			isa = XCSwiftPackageProductDependency;
			package = 95C629952833982C00944D58 /* XCRemoteSwiftPackageReference "FocusEntity" */;
			productName = FocusEntity;
		};
/* End XCSwiftPackageProductDependency section */
	};
	rootObject = 95C6296E283241AA00944D58 /* Project object */;
}
